// !$*UTF8*$!
{
	archiveVersion = 1;
	classes = {
	};
	objectVersion = 46;
	objects = {

/* Begin PBXBuildFile section */
		B46810A71120DAEB00A2CC69 /* MacAudioOutputBase.mm in Sources */ = {isa = PBXBuildFile; fileRef = B46810A61120DAEB00A2CC69 /* MacAudioOutputBase.mm */; };
		B46810A91120DAFC00A2CC69 /* MacDwycoAudioOutput.mm in Sources */ = {isa = PBXBuildFile; fileRef = B46810A81120DAFC00A2CC69 /* MacDwycoAudioOutput.mm */; };
		B46810AB1120DB0A00A2CC69 /* skelaudout.mm in Sources */ = {isa = PBXBuildFile; fileRef = B46810AA1120DB0A00A2CC69 /* skelaudout.mm */; };
		B46810B01120DB4C00A2CC69 /* MacAudioOutputBase.h in Headers */ = {isa = PBXBuildFile; fileRef = B46810AF1120DB4C00A2CC69 /* MacAudioOutputBase.h */; };
		B46810B21120DB5600A2CC69 /* MacDwycoAudioOutput.h in Headers */ = {isa = PBXBuildFile; fileRef = B46810B11120DB5600A2CC69 /* MacDwycoAudioOutput.h */; };
		B48BBCC82019330E008565B7 /* macnative.cpp in Sources */ = {isa = PBXBuildFile; fileRef = B48BBCC72019330E008565B7 /* macnative.cpp */; };
		B4E60D7D10E16C5E00AC10DF /* MacDwyco.h in Headers */ = {isa = PBXBuildFile; fileRef = B4E60D7410E16C5E00AC10DF /* MacDwyco.h */; };
		B4E60D7E10E16C5E00AC10DF /* MacDwyco.mm in Sources */ = {isa = PBXBuildFile; fileRef = B4E60D7510E16C5E00AC10DF /* MacDwyco.mm */; };
		B4E60D7F10E16C5E00AC10DF /* MacDwycoAudioSource.h in Headers */ = {isa = PBXBuildFile; fileRef = B4E60D7610E16C5E00AC10DF /* MacDwycoAudioSource.h */; };
		B4E60D8010E16C5E00AC10DF /* MacDwycoAudioSource.mm in Sources */ = {isa = PBXBuildFile; fileRef = B4E60D7710E16C5E00AC10DF /* MacDwycoAudioSource.mm */; };
		B4E60D8110E16C5E00AC10DF /* MacDwycoCameraSettingsController.h in Headers */ = {isa = PBXBuildFile; fileRef = B4E60D7810E16C5E00AC10DF /* MacDwycoCameraSettingsController.h */; };
		B4E60D8210E16C5E00AC10DF /* MacDwycoCameraSettingsController.mm in Sources */ = {isa = PBXBuildFile; fileRef = B4E60D7910E16C5E00AC10DF /* MacDwycoCameraSettingsController.mm */; };
		B4E60D8310E16C5E00AC10DF /* MacDwycoVideoSource.h in Headers */ = {isa = PBXBuildFile; fileRef = B4E60D7A10E16C5E00AC10DF /* MacDwycoVideoSource.h */; };
		B4E60D8410E16C5E00AC10DF /* MacDwycoVideoSource.mm in Sources */ = {isa = PBXBuildFile; fileRef = B4E60D7B10E16C5E00AC10DF /* MacDwycoVideoSource.mm */; };
		B4E60D8510E16C5E00AC10DF /* MacDwycoVideoSourceDelegate.h in Headers */ = {isa = PBXBuildFile; fileRef = B4E60D7C10E16C5E00AC10DF /* MacDwycoVideoSourceDelegate.h */; };
		B4E60D8710E16C7100AC10DF /* MacAudioPacket.h in Headers */ = {isa = PBXBuildFile; fileRef = B4E60D8610E16C7100AC10DF /* MacAudioPacket.h */; };
		D2AAC088055469A000DB518D /* Cocoa.framework in Frameworks */ = {isa = PBXBuildFile; fileRef = 1058C7B1FEA5585E11CA2CBB /* Cocoa.framework */; };
/* End PBXBuildFile section */

/* Begin PBXFileReference section */
		0867D69BFE84028FC02AAC07 /* Foundation.framework */ = {isa = PBXFileReference; lastKnownFileType = wrapper.framework; name = Foundation.framework; path = /System/Library/Frameworks/Foundation.framework; sourceTree = "<absolute>"; };
		0867D6A5FE840307C02AAC07 /* AppKit.framework */ = {isa = PBXFileReference; lastKnownFileType = wrapper.framework; name = AppKit.framework; path = /System/Library/Frameworks/AppKit.framework; sourceTree = "<absolute>"; };
		1058C7B1FEA5585E11CA2CBB /* Cocoa.framework */ = {isa = PBXFileReference; lastKnownFileType = wrapper.framework; name = Cocoa.framework; path = /System/Library/Frameworks/Cocoa.framework; sourceTree = "<absolute>"; };
		32DBCF5E0370ADEE00C91783 /* macdrv_Prefix.pch */ = {isa = PBXFileReference; fileEncoding = 4; lastKnownFileType = sourcecode.c.h; path = macdrv_Prefix.pch; sourceTree = "<group>"; };
		B46810A61120DAEB00A2CC69 /* MacAudioOutputBase.mm */ = {isa = PBXFileReference; fileEncoding = 4; lastKnownFileType = sourcecode.cpp.objcpp; name = MacAudioOutputBase.mm; path = ../MacAudioOutputBase.mm; sourceTree = SOURCE_ROOT; };
		B46810A81120DAFC00A2CC69 /* MacDwycoAudioOutput.mm */ = {isa = PBXFileReference; fileEncoding = 4; lastKnownFileType = sourcecode.cpp.objcpp; name = MacDwycoAudioOutput.mm; path = ../MacDwycoAudioOutput.mm; sourceTree = SOURCE_ROOT; };
		B46810AA1120DB0A00A2CC69 /* skelaudout.mm */ = {isa = PBXFileReference; fileEncoding = 4; lastKnownFileType = sourcecode.cpp.objcpp; name = skelaudout.mm; path = ../skelaudout.mm; sourceTree = SOURCE_ROOT; };
		B46810AF1120DB4C00A2CC69 /* MacAudioOutputBase.h */ = {isa = PBXFileReference; fileEncoding = 4; lastKnownFileType = sourcecode.c.h; name = MacAudioOutputBase.h; path = ../MacAudioOutputBase.h; sourceTree = SOURCE_ROOT; };
		B46810B11120DB5600A2CC69 /* MacDwycoAudioOutput.h */ = {isa = PBXFileReference; fileEncoding = 4; lastKnownFileType = sourcecode.c.h; name = MacDwycoAudioOutput.h; path = ../MacDwycoAudioOutput.h; sourceTree = SOURCE_ROOT; };
		B48BBCC72019330E008565B7 /* macnative.cpp */ = {isa = PBXFileReference; fileEncoding = 4; lastKnownFileType = sourcecode.cpp.cpp; name = macnative.cpp; path = ../macnative.cpp; sourceTree = "<group>"; };
		B4E60D7410E16C5E00AC10DF /* MacDwyco.h */ = {isa = PBXFileReference; fileEncoding = 4; lastKnownFileType = sourcecode.c.h; name = MacDwyco.h; path = ../MacDwyco.h; sourceTree = SOURCE_ROOT; };
		B4E60D7510E16C5E00AC10DF /* MacDwyco.mm */ = {isa = PBXFileReference; fileEncoding = 4; lastKnownFileType = sourcecode.cpp.objcpp; name = MacDwyco.mm; path = ../MacDwyco.mm; sourceTree = SOURCE_ROOT; };
		B4E60D7610E16C5E00AC10DF /* MacDwycoAudioSource.h */ = {isa = PBXFileReference; fileEncoding = 4; lastKnownFileType = sourcecode.c.h; name = MacDwycoAudioSource.h; path = ../MacDwycoAudioSource.h; sourceTree = SOURCE_ROOT; };
		B4E60D7710E16C5E00AC10DF /* MacDwycoAudioSource.mm */ = {isa = PBXFileReference; fileEncoding = 4; lastKnownFileType = sourcecode.cpp.objcpp; name = MacDwycoAudioSource.mm; path = ../MacDwycoAudioSource.mm; sourceTree = SOURCE_ROOT; };
		B4E60D7810E16C5E00AC10DF /* MacDwycoCameraSettingsController.h */ = {isa = PBXFileReference; fileEncoding = 4; lastKnownFileType = sourcecode.c.h; name = MacDwycoCameraSettingsController.h; path = ../MacDwycoCameraSettingsController.h; sourceTree = SOURCE_ROOT; };
		B4E60D7910E16C5E00AC10DF /* MacDwycoCameraSettingsController.mm */ = {isa = PBXFileReference; fileEncoding = 4; lastKnownFileType = sourcecode.cpp.objcpp; name = MacDwycoCameraSettingsController.mm; path = ../MacDwycoCameraSettingsController.mm; sourceTree = SOURCE_ROOT; };
		B4E60D7A10E16C5E00AC10DF /* MacDwycoVideoSource.h */ = {isa = PBXFileReference; fileEncoding = 4; lastKnownFileType = sourcecode.c.h; name = MacDwycoVideoSource.h; path = ../MacDwycoVideoSource.h; sourceTree = SOURCE_ROOT; };
		B4E60D7B10E16C5E00AC10DF /* MacDwycoVideoSource.mm */ = {isa = PBXFileReference; fileEncoding = 4; lastKnownFileType = sourcecode.cpp.objcpp; name = MacDwycoVideoSource.mm; path = ../MacDwycoVideoSource.mm; sourceTree = SOURCE_ROOT; };
		B4E60D7C10E16C5E00AC10DF /* MacDwycoVideoSourceDelegate.h */ = {isa = PBXFileReference; fileEncoding = 4; lastKnownFileType = sourcecode.c.h; name = MacDwycoVideoSourceDelegate.h; path = ../MacDwycoVideoSourceDelegate.h; sourceTree = SOURCE_ROOT; };
		B4E60D8610E16C7100AC10DF /* MacAudioPacket.h */ = {isa = PBXFileReference; fileEncoding = 4; lastKnownFileType = sourcecode.c.h; name = MacAudioPacket.h; path = ../MacAudioPacket.h; sourceTree = SOURCE_ROOT; };
		D2AAC07E0554694100DB518D /* libmacdrv.a */ = {isa = PBXFileReference; explicitFileType = archive.ar; includeInIndex = 0; path = libmacdrv.a; sourceTree = BUILT_PRODUCTS_DIR; };
		D2F7E8BE07B2D77200F64583 /* CoreData.framework */ = {isa = PBXFileReference; lastKnownFileType = wrapper.framework; name = CoreData.framework; path = /System/Library/Frameworks/CoreData.framework; sourceTree = "<absolute>"; };
/* End PBXFileReference section */

/* Begin PBXFrameworksBuildPhase section */
		D2AAC07C0554694100DB518D /* Frameworks */ = {
			isa = PBXFrameworksBuildPhase;
			buildActionMask = 2147483647;
			files = (
				D2AAC088055469A000DB518D /* Cocoa.framework in Frameworks */,
			);
			runOnlyForDeploymentPostprocessing = 0;
		};
/* End PBXFrameworksBuildPhase section */

/* Begin PBXGroup section */
		034768DFFF38A50411DB9C8B /* Products */ = {
			isa = PBXGroup;
			children = (
				D2AAC07E0554694100DB518D /* libmacdrv.a */,
			);
			name = Products;
			sourceTree = "<group>";
		};
		0867D691FE84028FC02AAC07 /* macdrv */ = {
			isa = PBXGroup;
			children = (
				B48BBCC72019330E008565B7 /* macnative.cpp */,
				B46810B11120DB5600A2CC69 /* MacDwycoAudioOutput.h */,
				B46810AF1120DB4C00A2CC69 /* MacAudioOutputBase.h */,
				B46810AA1120DB0A00A2CC69 /* skelaudout.mm */,
				B46810A81120DAFC00A2CC69 /* MacDwycoAudioOutput.mm */,
				B46810A61120DAEB00A2CC69 /* MacAudioOutputBase.mm */,
				B4E60D8610E16C7100AC10DF /* MacAudioPacket.h */,
				B4E60D7410E16C5E00AC10DF /* MacDwyco.h */,
				B4E60D7510E16C5E00AC10DF /* MacDwyco.mm */,
				B4E60D7610E16C5E00AC10DF /* MacDwycoAudioSource.h */,
				B4E60D7710E16C5E00AC10DF /* MacDwycoAudioSource.mm */,
				B4E60D7810E16C5E00AC10DF /* MacDwycoCameraSettingsController.h */,
				B4E60D7910E16C5E00AC10DF /* MacDwycoCameraSettingsController.mm */,
				B4E60D7A10E16C5E00AC10DF /* MacDwycoVideoSource.h */,
				B4E60D7B10E16C5E00AC10DF /* MacDwycoVideoSource.mm */,
				B4E60D7C10E16C5E00AC10DF /* MacDwycoVideoSourceDelegate.h */,
				08FB77AEFE84172EC02AAC07 /* Classes */,
				32C88DFF0371C24200C91783 /* Other Sources */,
				0867D69AFE84028FC02AAC07 /* External Frameworks and Libraries */,
				034768DFFF38A50411DB9C8B /* Products */,
			);
			comments = "NOTE: you will need to have the cdc32 source code directory to\ncompile these drivers, as they are a part of the core, rather than a\nseparate module (they need headers for some of the internals of the\naudio and video capture.)";
			name = macdrv;
			sourceTree = "<group>";
		};
		0867D69AFE84028FC02AAC07 /* External Frameworks and Libraries */ = {
			isa = PBXGroup;
			children = (
				1058C7B0FEA5585E11CA2CBB /* Linked Frameworks */,
				1058C7B2FEA5585E11CA2CBB /* Other Frameworks */,
			);
			name = "External Frameworks and Libraries";
			sourceTree = "<group>";
		};
		08FB77AEFE84172EC02AAC07 /* Classes */ = {
			isa = PBXGroup;
			children = (
			);
			name = Classes;
			sourceTree = "<group>";
		};
		1058C7B0FEA5585E11CA2CBB /* Linked Frameworks */ = {
			isa = PBXGroup;
			children = (
				1058C7B1FEA5585E11CA2CBB /* Cocoa.framework */,
			);
			name = "Linked Frameworks";
			sourceTree = "<group>";
		};
		1058C7B2FEA5585E11CA2CBB /* Other Frameworks */ = {
			isa = PBXGroup;
			children = (
				0867D6A5FE840307C02AAC07 /* AppKit.framework */,
				D2F7E8BE07B2D77200F64583 /* CoreData.framework */,
				0867D69BFE84028FC02AAC07 /* Foundation.framework */,
			);
			name = "Other Frameworks";
			sourceTree = "<group>";
		};
		32C88DFF0371C24200C91783 /* Other Sources */ = {
			isa = PBXGroup;
			children = (
				32DBCF5E0370ADEE00C91783 /* macdrv_Prefix.pch */,
			);
			name = "Other Sources";
			sourceTree = "<group>";
		};
/* End PBXGroup section */

/* Begin PBXHeadersBuildPhase section */
		D2AAC07A0554694100DB518D /* Headers */ = {
			isa = PBXHeadersBuildPhase;
			buildActionMask = 2147483647;
			files = (
				B4E60D7D10E16C5E00AC10DF /* MacDwyco.h in Headers */,
				B4E60D7F10E16C5E00AC10DF /* MacDwycoAudioSource.h in Headers */,
				B4E60D8110E16C5E00AC10DF /* MacDwycoCameraSettingsController.h in Headers */,
				B4E60D8310E16C5E00AC10DF /* MacDwycoVideoSource.h in Headers */,
				B4E60D8510E16C5E00AC10DF /* MacDwycoVideoSourceDelegate.h in Headers */,
				B4E60D8710E16C7100AC10DF /* MacAudioPacket.h in Headers */,
				B46810B01120DB4C00A2CC69 /* MacAudioOutputBase.h in Headers */,
				B46810B21120DB5600A2CC69 /* MacDwycoAudioOutput.h in Headers */,
			);
			runOnlyForDeploymentPostprocessing = 0;
		};
/* End PBXHeadersBuildPhase section */

/* Begin PBXNativeTarget section */
		D2AAC07D0554694100DB518D /* macdrv */ = {
			isa = PBXNativeTarget;
			buildConfigurationList = 1DEB921E08733DC00010E9CD /* Build configuration list for PBXNativeTarget "macdrv" */;
			buildPhases = (
				D2AAC07A0554694100DB518D /* Headers */,
				D2AAC07B0554694100DB518D /* Sources */,
				D2AAC07C0554694100DB518D /* Frameworks */,
			);
			buildRules = (
			);
			dependencies = (
			);
			name = macdrv;
			productName = macdrv;
			productReference = D2AAC07E0554694100DB518D /* libmacdrv.a */;
			productType = "com.apple.product-type.library.static";
		};
/* End PBXNativeTarget section */

/* Begin PBXProject section */
		0867D690FE84028FC02AAC07 /* Project object */ = {
			isa = PBXProject;
			attributes = {
				LastUpgradeCheck = 0720;
			};
			buildConfigurationList = 1DEB922208733DC00010E9CD /* Build configuration list for PBXProject "macdrv" */;
			compatibilityVersion = "Xcode 3.2";
			developmentRegion = English;
			hasScannedForEncodings = 1;
			knownRegions = (
				English,
				Japanese,
				French,
				German,
			);
			mainGroup = 0867D691FE84028FC02AAC07 /* macdrv */;
			productRefGroup = 034768DFFF38A50411DB9C8B /* Products */;
			projectDirPath = "";
			projectRoot = "";
			targets = (
				D2AAC07D0554694100DB518D /* macdrv */,
			);
		};
/* End PBXProject section */

/* Begin PBXSourcesBuildPhase section */
		D2AAC07B0554694100DB518D /* Sources */ = {
			isa = PBXSourcesBuildPhase;
			buildActionMask = 2147483647;
			files = (
				B4E60D7E10E16C5E00AC10DF /* MacDwyco.mm in Sources */,
				B4E60D8010E16C5E00AC10DF /* MacDwycoAudioSource.mm in Sources */,
				B4E60D8210E16C5E00AC10DF /* MacDwycoCameraSettingsController.mm in Sources */,
				B4E60D8410E16C5E00AC10DF /* MacDwycoVideoSource.mm in Sources */,
				B46810A71120DAEB00A2CC69 /* MacAudioOutputBase.mm in Sources */,
				B46810A91120DAFC00A2CC69 /* MacDwycoAudioOutput.mm in Sources */,
				B48BBCC82019330E008565B7 /* macnative.cpp in Sources */,
				B46810AB1120DB0A00A2CC69 /* skelaudout.mm in Sources */,
			);
			runOnlyForDeploymentPostprocessing = 0;
		};
/* End PBXSourcesBuildPhase section */

/* Begin XCBuildConfiguration section */
		1DEB921F08733DC00010E9CD /* Debug */ = {
			isa = XCBuildConfiguration;
			buildSettings = {
				ALWAYS_SEARCH_USER_PATHS = NO;
				CLANG_CXX_LIBRARY = "libc++";
				COPY_PHASE_STRIP = NO;
				DEBUG_INFORMATION_FORMAT = dwarf;
				GCC_DYNAMIC_NO_PIC = NO;
				GCC_ENABLE_FIX_AND_CONTINUE = YES;
				GCC_MODEL_TUNING = G5;
				GCC_OPTIMIZATION_LEVEL = 0;
				GCC_PRECOMPILE_PREFIX_HEADER = YES;
				GCC_PREFIX_HEADER = macdrv_Prefix.pch;
				HEADER_SEARCH_PATHS = (
					/Users/dwight/depot/dwycore/bld/cdc32/winemu,
					/Users/dwight/depot/dwycore/bld/dwcls,
					/Users/dwight/depot/dwycore/bld/cdc32,
				);
				INSTALL_PATH = /Users/dwight/out;
				ONLY_ACTIVE_ARCH = NO;
				PRODUCT_NAME = macdrv;
				SDKROOT = macosx10.11;
			};
			name = Debug;
		};
		1DEB922008733DC00010E9CD /* Release */ = {
			isa = XCBuildConfiguration;
			buildSettings = {
				ALWAYS_SEARCH_USER_PATHS = NO;
				CLANG_CXX_LIBRARY = "libc++";
				DEBUG_INFORMATION_FORMAT = dwarf;
				GCC_MODEL_TUNING = G5;
				GCC_PRECOMPILE_PREFIX_HEADER = YES;
				GCC_PREFIX_HEADER = macdrv_Prefix.pch;
				INSTALL_PATH = /Users/dwight/out;
				ONLY_ACTIVE_ARCH = YES;
				PRODUCT_NAME = macdrv;
				SDKROOT = macosx10.11;
			};
			name = Release;
		};
		1DEB922308733DC00010E9CD /* Debug */ = {
			isa = XCBuildConfiguration;
			buildSettings = {
				GCC_C_LANGUAGE_STANDARD = c99;
				GCC_OPTIMIZATION_LEVEL = 0;
				GCC_WARN_ABOUT_RETURN_TYPE = YES;
				GCC_WARN_UNUSED_VARIABLE = YES;
				HEADER_SEARCH_PATHS = (
					/Users/dwight/depot/dwycore/bld/cdc32/winemu,
					/Users/dwight/depot/dwycore/bld/cdc32,
					/Users/dwight/depot/dwycore/ins/dbg/inc,
				);
				INSTALL_PATH = /Users/dwight/out;
				MACOSX_DEPLOYMENT_TARGET = 10.8;
				ONLY_ACTIVE_ARCH = YES;
				PREBINDING = NO;
				SDKROOT = macosx10.11;
				USER_HEADER_SEARCH_PATHS = "";
			};
			name = Debug;
		};
		1DEB922408733DC00010E9CD /* Release */ = {
			isa = XCBuildConfiguration;
			buildSettings = {
				GCC_C_LANGUAGE_STANDARD = c99;
				GCC_WARN_ABOUT_RETURN_TYPE = YES;
				GCC_WARN_UNUSED_VARIABLE = YES;
				MACOSX_DEPLOYMENT_TARGET = 10.8;
				PREBINDING = NO;
				SDKROOT = macosx10.11;
			};
			name = Release;
		};
/* End XCBuildConfiguration section */

/* Begin XCConfigurationList section */
		1DEB921E08733DC00010E9CD /* Build configuration list for PBXNativeTarget "macdrv" */ = {
			isa = XCConfigurationList;
			buildConfigurations = (
				1DEB921F08733DC00010E9CD /* Debug */,
				1DEB922008733DC00010E9CD /* Release */,
			);
			defaultConfigurationIsVisible = 0;
			defaultConfigurationName = Release;
		};
		1DEB922208733DC00010E9CD /* Build configuration list for PBXProject "macdrv" */ = {
			isa = XCConfigurationList;
			buildConfigurations = (
				1DEB922308733DC00010E9CD /* Debug */,
				1DEB922408733DC00010E9CD /* Release */,
			);
			defaultConfigurationIsVisible = 0;
			defaultConfigurationName = Release;
		};
/* End XCConfigurationList section */
	};
	rootObject = 0867D690FE84028FC02AAC07 /* Project object */;
}
